{
    "_readme": [
        "This file locks the dependencies of your project to a known state",
        "Read more about it at https://getcomposer.org/doc/01-basic-usage.md#installing-dependencies",
        "This file is @generated automatically"
    ],
    "content-hash": "546e303c1b6c2950a84790af4c326fd4",
    "packages": [],
    "packages-dev": [
        {
            "name": "amorpro/tweetest",
            "version": "dev-master",
            "source": {
                "type": "git",
                "url": "https://github.com/amorpro/tweetest.git",
                "reference": "cb15e1299a44d0be40aa8c6872b0e6116c9f165f"
            },
            "dist": {
                "type": "zip",
                "url": "https://api.github.com/repos/amorpro/tweetest/zipball/cb15e1299a44d0be40aa8c6872b0e6116c9f165f",
                "reference": "cb15e1299a44d0be40aa8c6872b0e6116c9f165f",
                "shasum": ""
            },
            "type": "project",
            "autoload": {
                "files": [
                    "tweetest.php"
                ]
            },
            "notification-url": "https://packagist.org/downloads/",
            "description": "Lightweight test framework",
            "time": "2019-02-02T23:02:58+00:00"
        }
    ],
    "aliases": [],
    "minimum-stability": "stable",
    "stability-flags": {
        "amorpro/tweetest": 20
    },
    "prefer-stable": false,
    "prefer-lowest": false,
    "platform": [],
    "platform-dev": []
}
